
Microsoft Visual Studio Solution File, Format Version 12.00
# Visual Studio Version 16
VisualStudioVersion = 16.0.28922.388
MinimumVisualStudioVersion = 10.0.40219.1
Project("{888888A0-9F3D-457C-B088-3A5042F75D52}") = "IMU_python_visualization", "IMU_python_visualization\IMU_python_visualization.pyproj", "{EC4221DB-1C57-4A98-8247-88662F12F347}"
EndProject
Global
	GlobalSection(SolutionConfigurationPlatforms) = preSolution
		Debug|Any CPU = Debug|Any CPU
		Release|Any CPU = Release|Any CPU
	EndGlobalSection
	GlobalSection(ProjectConfigurationPlatforms) = postSolution
		{EC4221DB-1C57-4A98-8247-88662F12F347}.Debug|Any CPU.ActiveCfg = Debug|Any CPU
		{EC4221DB-1C57-4A98-8247-88662F12F347}.Release|Any CPU.ActiveCfg = Release|Any CPU
	EndGlobalSection
	GlobalSection(SolutionProperties) = preSolution
		HideSolutionNode = FALSE
	EndGlobalSection
	GlobalSection(ExtensibilityGlobals) = postSolution
		SolutionGuid = {27A6A3CE-EED3-4BC6-80F5-C947B082321E}
	EndGlobalSection
EndGlobal
